<?xml version="1.0" encoding="utf-8"?>
<Project ToolsVersion="4.0" xmlns="http://schemas.microsoft.com/developer/msbuild/2003">
  <ItemGroup>
    <Filter Include="Source Files">
      <UniqueIdentifier>{4FC737F1-C7A5-4376-A066-2A32D752A2FF}</UniqueIdentifier>
      <Extensions>cpp;c;cc;cxx;c++;cppm;ixx;def;odl;idl;hpj;bat;asm;asmx</Extensions>
    </Filter>
    <Filter Include="Header Files">
      <UniqueIdentifier>{93995380-89BD-4b04-88EB-625FBE52EBFB}</UniqueIdentifier>
      <Extensions>h;hh;hpp;hxx;h++;hm;inl;inc;ipp;xsd</Extensions>
    </Filter>
    <Filter Include="Resource Files">
      <UniqueIdentifier>{67DA6AB6-F800-4c08-8B7A-83BB121AAD01}</UniqueIdentifier>
      <Extensions>rc;ico;cur;bmp;dlg;rc2;rct;bin;rgs;gif;jpg;jpeg;jpe;resx;tiff;tif;png;wav;mfcribbon-ms</Extensions>
    </Filter>
  </ItemGroup>
  <ItemGroup>
    <ClInclude Include="include\allocate.h">
      <Filter>Header Files</Filter>
    </ClInclude>
    <ClInclude Include="include\endian.h">
      <Filter>Header Files</Filter>
    </ClInclude>
    <ClInclude Include="include\exception.h">
      <Filter>Header Files</Filter>
    </ClInclude>
    <ClInclude Include="include\memory.h">
      <Filter>Header Files</Filter>
    </ClInclude>
    <ClInclude Include="include\memoryspec.h">
      <Filter>Header Files</Filter>
    </ClInclude>
    <ClInclude Include="include\optnew.h">
      <Filter>Header Files</Filter>
    </ClInclude>
    <ClInclude Include="include\typeinfo.h">
      <Filter>Header Files</Filter>
    </ClInclude>
    <ClInclude Include="include\winerr.h">
      <Filter>Header Files</Filter>
    </ClInclude>
    <ClInclude Include="include\WinType.h">
      <Filter>Header Files</Filter>
    </ClInclude>
    <ClInclude Include="src\ClassStyles.h">
      <Filter>Source Files</Filter>
    </ClInclude>
    <ClInclude Include="src\Code.h">
      <Filter>Source Files</Filter>
    </ClInclude>
    <ClInclude Include="src\CodeType.h">
      <Filter>Source Files</Filter>
    </ClInclude>
    <ClInclude Include="src\CodeUnit.h">
      <Filter>Source Files</Filter>
    </ClInclude>
    <ClInclude Include="src\CodeViewWindow.h">
      <Filter>Source Files</Filter>
    </ClInclude>
    <ClInclude Include="src\component.h">
      <Filter>Source Files</Filter>
    </ClInclude>
    <ClInclude Include="src\EditStyle.h">
      <Filter>Source Files</Filter>
    </ClInclude>
    <ClInclude Include="src\gdi32f.h">
      <Filter>Source Files</Filter>
    </ClInclude>
    <ClInclude Include="src\inst.h">
      <Filter>Source Files</Filter>
    </ClInclude>
    <ClInclude Include="src\kernel32f.h">
      <Filter>Source Files</Filter>
    </ClInclude>
    <ClInclude Include="src\ShowWindowFlag.h">
      <Filter>Source Files</Filter>
    </ClInclude>
    <ClInclude Include="src\Text.h">
      <Filter>Source Files</Filter>
    </ClInclude>
    <ClInclude Include="src\user32f.h">
      <Filter>Source Files</Filter>
    </ClInclude>
    <ClInclude Include="src\user32s.h">
      <Filter>Source Files</Filter>
    </ClInclude>
    <ClInclude Include="src\WindowMessage.h">
      <Filter>Source Files</Filter>
    </ClInclude>
    <ClInclude Include="src\WindowStyles.h">
      <Filter>Source Files</Filter>
    </ClInclude>
  </ItemGroup>
  <ItemGroup>
    <ClCompile Include="src\Code.c">
      <Filter>Source Files</Filter>
    </ClCompile>
    <ClCompile Include="src\CodeType.c">
      <Filter>Source Files</Filter>
    </ClCompile>
    <ClCompile Include="src\CodeUnit.c">
      <Filter>Source Files</Filter>
    </ClCompile>
    <ClCompile Include="src\CodeView.c">
      <Filter>Source Files</Filter>
    </ClCompile>
    <ClCompile Include="src\Component.c">
      <Filter>Source Files</Filter>
    </ClCompile>
    <ClCompile Include="src\main.c">
      <Filter>Source Files</Filter>
    </ClCompile>
    <ClCompile Include="src\Text.c">
      <Filter>Source Files</Filter>
    </ClCompile>
    <ClCompile Include="src\intrinsic.c">
      <Filter>Source Files</Filter>
    </ClCompile>
  </ItemGroup>
  <ItemGroup>
    <ResourceCompile Include="res\CodeView.rc">
      <Filter>Resource Files</Filter>
    </ResourceCompile>
  </ItemGroup>
</Project>